// !$*UTF8*$!
{
	archiveVersion = 1;
	classes = {
	};
	objectVersion = 52;
	objects = {

/* Begin PBXBuildFile section */
		562C9A2924D478600061EB38 /* FlatSegmentedPicker.swift in Sources */ = {isa = PBXBuildFile; fileRef = 562C9A2824D478600061EB38 /* FlatSegmentedPicker.swift */; };
		562C9A2B24D57B060061EB38 /* Texts.swift in Sources */ = {isa = PBXBuildFile; fileRef = 562C9A2A24D57B060061EB38 /* Texts.swift */; };
		562C9A2E24D719A20061EB38 /* MainWindow.swift in Sources */ = {isa = PBXBuildFile; fileRef = 562C9A2D24D719A20061EB38 /* MainWindow.swift */; };
		562C9A3024D71A1B0061EB38 /* MatchHistoryPage.swift in Sources */ = {isa = PBXBuildFile; fileRef = 562C9A2F24D71A1B0061EB38 /* MatchHistoryPage.swift */; };
		562C9A3224D71A2E0061EB38 /* SettingsPage.swift in Sources */ = {isa = PBXBuildFile; fileRef = 562C9A3124D71A2E0061EB38 /* SettingsPage.swift */; };
		562C9A3424D71A500061EB38 /* StatisticsPage.swift in Sources */ = {isa = PBXBuildFile; fileRef = 562C9A3324D71A500061EB38 /* StatisticsPage.swift */; };
		562C9A3624D71A820061EB38 /* KnowledgeBasePage.swift in Sources */ = {isa = PBXBuildFile; fileRef = 562C9A3524D71A820061EB38 /* KnowledgeBasePage.swift */; };
		562C9A3824D71A9A0061EB38 /* LiveAssistantPage.swift in Sources */ = {isa = PBXBuildFile; fileRef = 562C9A3724D71A9A0061EB38 /* LiveAssistantPage.swift */; };
		5631470124AE0FD5000CC418 /* Settings.swift in Sources */ = {isa = PBXBuildFile; fileRef = 5631470024AE0FD5000CC418 /* Settings.swift */; };
		56328D0324D9F0CE00319CD9 /* StartScreen.swift in Sources */ = {isa = PBXBuildFile; fileRef = 56328D0224D9F0CE00319CD9 /* StartScreen.swift */; };
		56328D0524D9F11100319CD9 /* NewVersionDownloadingView.swift in Sources */ = {isa = PBXBuildFile; fileRef = 56328D0424D9F11100319CD9 /* NewVersionDownloadingView.swift */; };
		56328D0824DAAB8A00319CD9 /* Int+Extensions.swift in Sources */ = {isa = PBXBuildFile; fileRef = 56328D0724DAAB8A00319CD9 /* Int+Extensions.swift */; };
		56328D0C24DC024300319CD9 /* NetworkRequestError.swift in Sources */ = {isa = PBXBuildFile; fileRef = 56328D0B24DC024300319CD9 /* NetworkRequestError.swift */; };
		56328D0F24DC290000319CD9 /* Queue.swift in Sources */ = {isa = PBXBuildFile; fileRef = 56328D0E24DC290000319CD9 /* Queue.swift */; };
		56348A5524DC2DC200E00F7F /* Map.swift in Sources */ = {isa = PBXBuildFile; fileRef = 56348A5424DC2DC200E00F7F /* Map.swift */; };
		5639762224D8735C003388C0 /* MatchExample.json in Resources */ = {isa = PBXBuildFile; fileRef = 5639762124D8735C003388C0 /* MatchExample.json */; };
		5639762424D873CC003388C0 /* MatchDetailsExample.json in Resources */ = {isa = PBXBuildFile; fileRef = 5639762324D873CC003388C0 /* MatchDetailsExample.json */; };
		56477ED824CADC6F00495535 /* OnboardingModel.swift in Sources */ = {isa = PBXBuildFile; fileRef = 56477ED724CADC6F00495535 /* OnboardingModel.swift */; };
		56477EE024CAFAA800495535 /* OnboardingPage.swift in Sources */ = {isa = PBXBuildFile; fileRef = 56477EDF24CAFAA800495535 /* OnboardingPage.swift */; };
		56477EE224CB24ED00495535 /* PageView.swift in Sources */ = {isa = PBXBuildFile; fileRef = 56477EE124CB24ED00495535 /* PageView.swift */; };
		5648A74324AF3CCF0074B550 /* FloatIn.swift in Sources */ = {isa = PBXBuildFile; fileRef = 5648A74224AF3CCF0074B550 /* FloatIn.swift */; };
		5657F31A24D1D2CF00A7F437 /* SupportEmailView.swift in Sources */ = {isa = PBXBuildFile; fileRef = 5657F31924D1D2CF00A7F437 /* SupportEmailView.swift */; };
		5657F31C24D1E0E200A7F437 /* UnknownErrorOverlayModel.swift in Sources */ = {isa = PBXBuildFile; fileRef = 5657F31B24D1E0E200A7F437 /* UnknownErrorOverlayModel.swift */; };
		567528C324AA29B8009057C8 /* AppDelegate.swift in Sources */ = {isa = PBXBuildFile; fileRef = 567528C224AA29B8009057C8 /* AppDelegate.swift */; };
		567528C524AA29B8009057C8 /* SceneDelegate.swift in Sources */ = {isa = PBXBuildFile; fileRef = 567528C424AA29B8009057C8 /* SceneDelegate.swift */; };
		567528CD24AA29B8009057C8 /* Legend_Within.xcdatamodeld in Sources */ = {isa = PBXBuildFile; fileRef = 567528CB24AA29B8009057C8 /* Legend_Within.xcdatamodeld */; };
		567528CF24AA29BB009057C8 /* Assets.xcassets in Resources */ = {isa = PBXBuildFile; fileRef = 567528CE24AA29BB009057C8 /* Assets.xcassets */; };
		567528D224AA29BB009057C8 /* LaunchScreen.storyboard in Resources */ = {isa = PBXBuildFile; fileRef = 567528D024AA29BB009057C8 /* LaunchScreen.storyboard */; };
		567528DD24AA29BB009057C8 /* Legend_WithinTests.swift in Sources */ = {isa = PBXBuildFile; fileRef = 567528DC24AA29BB009057C8 /* Legend_WithinTests.swift */; };
		567528EA24AA2C12009057C8 /* Moya in Frameworks */ = {isa = PBXBuildFile; productRef = 567528E924AA2C12009057C8 /* Moya */; };
		567528EC24AA2C62009057C8 /* WelcomePage.swift in Sources */ = {isa = PBXBuildFile; fileRef = 567528EB24AA2C62009057C8 /* WelcomePage.swift */; };
		567528EE24AA2E76009057C8 /* AccountLookupPage.swift in Sources */ = {isa = PBXBuildFile; fileRef = 567528ED24AA2E76009057C8 /* AccountLookupPage.swift */; };
		567528F024AA2EBA009057C8 /* AccountLookupModel.swift in Sources */ = {isa = PBXBuildFile; fileRef = 567528EF24AA2EBA009057C8 /* AccountLookupModel.swift */; };
		567528F324AA2FCC009057C8 /* Region.swift in Sources */ = {isa = PBXBuildFile; fileRef = 567528F224AA2FCC009057C8 /* Region.swift */; };
		567528F524AA30B8009057C8 /* Summoner.swift in Sources */ = {isa = PBXBuildFile; fileRef = 567528F424AA30B8009057C8 /* Summoner.swift */; };
		567528F724AA30C0009057C8 /* LeagueEntry.swift in Sources */ = {isa = PBXBuildFile; fileRef = 567528F624AA30C0009057C8 /* LeagueEntry.swift */; };
		567528FA24AA368A009057C8 /* LeagueApi.swift in Sources */ = {isa = PBXBuildFile; fileRef = 567528F924AA368A009057C8 /* LeagueApi.swift */; };
		567528FC24AA3776009057C8 /* LeagueApi+ApiKey.swift in Sources */ = {isa = PBXBuildFile; fileRef = 567528FB24AA3776009057C8 /* LeagueApi+ApiKey.swift */; };
		567528FE24AA43FF009057C8 /* MoyaProvider+Combine.swift in Sources */ = {isa = PBXBuildFile; fileRef = 567528FD24AA43FF009057C8 /* MoyaProvider+Combine.swift */; };
		5675290024AA489C009057C8 /* MoyaPublisher.swift in Sources */ = {isa = PBXBuildFile; fileRef = 567528FF24AA489C009057C8 /* MoyaPublisher.swift */; };
		5675295924AB46BE009057C8 /* ActivityIndicator.swift in Sources */ = {isa = PBXBuildFile; fileRef = 5675295824AB46BE009057C8 /* ActivityIndicator.swift */; };
		5675295C24AB954A009057C8 /* KingfisherSwiftUI in Frameworks */ = {isa = PBXBuildFile; productRef = 5675295B24AB954A009057C8 /* KingfisherSwiftUI */; };
		5675295E24AB9593009057C8 /* UrlConstants.swift in Sources */ = {isa = PBXBuildFile; fileRef = 5675295D24AB9593009057C8 /* UrlConstants.swift */; };
		56BC228024C1E2090072D5E8 /* GlowingView.swift in Sources */ = {isa = PBXBuildFile; fileRef = 56BC227F24C1E2090072D5E8 /* GlowingView.swift */; };
		56BC228324C23F2C0072D5E8 /* SummonerFoundOverlay.swift in Sources */ = {isa = PBXBuildFile; fileRef = 56BC228224C23F2C0072D5E8 /* SummonerFoundOverlay.swift */; };
		56BC228524C23F8C0072D5E8 /* SummonerNotFoundOverlay.swift in Sources */ = {isa = PBXBuildFile; fileRef = 56BC228424C23F8C0072D5E8 /* SummonerNotFoundOverlay.swift */; };
		56BC228724C23FB10072D5E8 /* UnknownErrorOverlay.swift in Sources */ = {isa = PBXBuildFile; fileRef = 56BC228624C23FB10072D5E8 /* UnknownErrorOverlay.swift */; };
		56BC228B24C242650072D5E8 /* SummonerFoundExampleLeagueEntry.json in Resources */ = {isa = PBXBuildFile; fileRef = 56BC228A24C242650072D5E8 /* SummonerFoundExampleLeagueEntry.json */; };
		56BC228E24C244090072D5E8 /* SummonerFoundExampleSoloQueueDivision.json in Resources */ = {isa = PBXBuildFile; fileRef = 56BC228C24C244090072D5E8 /* SummonerFoundExampleSoloQueueDivision.json */; };
		56BC228F24C244090072D5E8 /* SummonerFoundExampleSummoner.json in Resources */ = {isa = PBXBuildFile; fileRef = 56BC228D24C244090072D5E8 /* SummonerFoundExampleSummoner.json */; };
		56C96DAC24D8A14300685F76 /* LeagueApi+DataDragon.swift in Sources */ = {isa = PBXBuildFile; fileRef = 56C96DAB24D8A14300685F76 /* LeagueApi+DataDragon.swift */; };
		56C96DAF24D946C400685F76 /* Champion.swift in Sources */ = {isa = PBXBuildFile; fileRef = 56C96DAE24D946C400685F76 /* Champion.swift */; };
		56C96DB124D946E700685F76 /* Champion+Info.swift in Sources */ = {isa = PBXBuildFile; fileRef = 56C96DB024D946E700685F76 /* Champion+Info.swift */; };
		56C96DB324D9470600685F76 /* Champion+Image.swift in Sources */ = {isa = PBXBuildFile; fileRef = 56C96DB224D9470600685F76 /* Champion+Image.swift */; };
		56C96DB524D9471800685F76 /* Champion+Stats.swift in Sources */ = {isa = PBXBuildFile; fileRef = 56C96DB424D9471800685F76 /* Champion+Stats.swift */; };
		56C96DB924D94A0200685F76 /* ChampionDetails.swift in Sources */ = {isa = PBXBuildFile; fileRef = 56C96DB824D94A0200685F76 /* ChampionDetails.swift */; };
		56C96DBF24D94AE600685F76 /* ChampionDetails+Data.swift in Sources */ = {isa = PBXBuildFile; fileRef = 56C96DBE24D94AE600685F76 /* ChampionDetails+Data.swift */; };
		56C96DC124D9506D00685F76 /* ChampionDetails+Data+Image.swift in Sources */ = {isa = PBXBuildFile; fileRef = 56C96DC024D9506D00685F76 /* ChampionDetails+Data+Image.swift */; };
		56C96DC324D9508400685F76 /* ChampionDetails+Data+Skin.swift in Sources */ = {isa = PBXBuildFile; fileRef = 56C96DC224D9508400685F76 /* ChampionDetails+Data+Skin.swift */; };
		56C96DC524D950AA00685F76 /* ChampionDetails+Data+Info.swift in Sources */ = {isa = PBXBuildFile; fileRef = 56C96DC424D950AA00685F76 /* ChampionDetails+Data+Info.swift */; };
		56C96DC724D950BD00685F76 /* ChampionDetails+Data+Stats.swift in Sources */ = {isa = PBXBuildFile; fileRef = 56C96DC624D950BD00685F76 /* ChampionDetails+Data+Stats.swift */; };
		56C96DC924D950CF00685F76 /* ChampionDetails+Data+Spell.swift in Sources */ = {isa = PBXBuildFile; fileRef = 56C96DC824D950CF00685F76 /* ChampionDetails+Data+Spell.swift */; };
		56C96DCB24D950F300685F76 /* ChampionDetails+Data+Passive.swift in Sources */ = {isa = PBXBuildFile; fileRef = 56C96DCA24D950F300685F76 /* ChampionDetails+Data+Passive.swift */; };
		56C96DCD24D9512C00685F76 /* ChampionDetails+Data+Recommended.swift in Sources */ = {isa = PBXBuildFile; fileRef = 56C96DCC24D9512C00685F76 /* ChampionDetails+Data+Recommended.swift */; };
		56C96DD024D951BD00685F76 /* ChampionDetails+Data+Spell+LevelTip.swift in Sources */ = {isa = PBXBuildFile; fileRef = 56C96DCF24D951BD00685F76 /* ChampionDetails+Data+Spell+LevelTip.swift */; };
		56C96DD224D9538E00685F76 /* ChampionDetails+Data+Spell+Var.swift in Sources */ = {isa = PBXBuildFile; fileRef = 56C96DD124D9538E00685F76 /* ChampionDetails+Data+Spell+Var.swift */; };
		56D3187F24D721BA002F4FAB /* MatchHistoryItem.swift in Sources */ = {isa = PBXBuildFile; fileRef = 56D3187E24D721BA002F4FAB /* MatchHistoryItem.swift */; };
		56D3188124D7226E002F4FAB /* MatchDetailsPage.swift in Sources */ = {isa = PBXBuildFile; fileRef = 56D3188024D7226E002F4FAB /* MatchDetailsPage.swift */; };
		56D3188324D85560002F4FAB /* MatchHistoryModel.swift in Sources */ = {isa = PBXBuildFile; fileRef = 56D3188224D85560002F4FAB /* MatchHistoryModel.swift */; };
		56D3188524D8558E002F4FAB /* LeagueApi+Matches.swift in Sources */ = {isa = PBXBuildFile; fileRef = 56D3188424D8558E002F4FAB /* LeagueApi+Matches.swift */; };
		56D3188724D8566E002F4FAB /* Match.swift in Sources */ = {isa = PBXBuildFile; fileRef = 56D3188624D8566E002F4FAB /* Match.swift */; };
		56D3188924D856A1002F4FAB /* MatchHistory.swift in Sources */ = {isa = PBXBuildFile; fileRef = 56D3188824D856A1002F4FAB /* MatchHistory.swift */; };
		56D3188B24D85803002F4FAB /* MatchDetails.swift in Sources */ = {isa = PBXBuildFile; fileRef = 56D3188A24D85803002F4FAB /* MatchDetails.swift */; };
		56D3188E24D85925002F4FAB /* MatchDetails+Team.swift in Sources */ = {isa = PBXBuildFile; fileRef = 56D3188D24D85925002F4FAB /* MatchDetails+Team.swift */; };
		56D3189024D85965002F4FAB /* MatchDetails+Team+Ban.swift in Sources */ = {isa = PBXBuildFile; fileRef = 56D3188F24D85965002F4FAB /* MatchDetails+Team+Ban.swift */; };
		56D3189224D859DD002F4FAB /* MatchDetails+Participant.swift in Sources */ = {isa = PBXBuildFile; fileRef = 56D3189124D859DD002F4FAB /* MatchDetails+Participant.swift */; };
		56D3189424D85A0D002F4FAB /* MatchDetails+Participant+Stats.swift in Sources */ = {isa = PBXBuildFile; fileRef = 56D3189324D85A0D002F4FAB /* MatchDetails+Participant+Stats.swift */; };
		56D3189624D85A79002F4FAB /* MatchDetails+Participant+Timeline.swift in Sources */ = {isa = PBXBuildFile; fileRef = 56D3189524D85A79002F4FAB /* MatchDetails+Participant+Timeline.swift */; };
		56D318AD24D8630E002F4FAB /* MatchDetails+ParticipantIdentity.swift in Sources */ = {isa = PBXBuildFile; fileRef = 56D318AC24D8630E002F4FAB /* MatchDetails+ParticipantIdentity.swift */; };
		56D318AF24D8632E002F4FAB /* MatchDetails+ParticipantIdentity+Player.swift in Sources */ = {isa = PBXBuildFile; fileRef = 56D318AE24D8632E002F4FAB /* MatchDetails+ParticipantIdentity+Player.swift */; };
		56ED282924D9560E00016178 /* ChampionDetails+Data+Spell+DataValues.swift in Sources */ = {isa = PBXBuildFile; fileRef = 56ED282824D9560E00016178 /* ChampionDetails+Data+Spell+DataValues.swift */; };
		56ED282C24D956FB00016178 /* ChampionDetails+Data+Recommended+Block.swift in Sources */ = {isa = PBXBuildFile; fileRef = 56ED282B24D956FB00016178 /* ChampionDetails+Data+Recommended+Block.swift */; };
		56ED282E24D9572A00016178 /* ChampionDetails+Data+Recommended+Block+Item.swift in Sources */ = {isa = PBXBuildFile; fileRef = 56ED282D24D9572A00016178 /* ChampionDetails+Data+Recommended+Block+Item.swift */; };
		56ED283124D95FCC00016178 /* Item.swift in Sources */ = {isa = PBXBuildFile; fileRef = 56ED283024D95FCC00016178 /* Item.swift */; };
		56ED283324D95FF400016178 /* Item+Image.swift in Sources */ = {isa = PBXBuildFile; fileRef = 56ED283224D95FF400016178 /* Item+Image.swift */; };
		56ED283524D9600000016178 /* Item+Gold.swift in Sources */ = {isa = PBXBuildFile; fileRef = 56ED283424D9600000016178 /* Item+Gold.swift */; };
		56ED283724D9601A00016178 /* Item+Maps.swift in Sources */ = {isa = PBXBuildFile; fileRef = 56ED283624D9601A00016178 /* Item+Maps.swift */; };
		56ED283924D9602900016178 /* Item+Stat.swift in Sources */ = {isa = PBXBuildFile; fileRef = 56ED283824D9602900016178 /* Item+Stat.swift */; };
		56ED283B24D961A400016178 /* GameData.swift in Sources */ = {isa = PBXBuildFile; fileRef = 56ED283A24D961A400016178 /* GameData.swift */; };
		56ED283D24D962D800016178 /* FilePaths.swift in Sources */ = {isa = PBXBuildFile; fileRef = 56ED283C24D962D800016178 /* FilePaths.swift */; };
		56ED283F24D9655200016178 /* ChampionsJSON.swift in Sources */ = {isa = PBXBuildFile; fileRef = 56ED283E24D9655200016178 /* ChampionsJSON.swift */; };
		56ED284124D9694700016178 /* ItemsJSON.swift in Sources */ = {isa = PBXBuildFile; fileRef = 56ED284024D9694700016178 /* ItemsJSON.swift */; };
		56F353B924AF3EE700E21EB4 /* CustomViewModifiers.swift in Sources */ = {isa = PBXBuildFile; fileRef = 56F353B824AF3EE700E21EB4 /* CustomViewModifiers.swift */; };
		56F353BD24AF43EF00E21EB4 /* LeagueApi+Summoners.swift in Sources */ = {isa = PBXBuildFile; fileRef = 56F353BC24AF43EF00E21EB4 /* LeagueApi+Summoners.swift */; };
		56F353BF24AF440300E21EB4 /* LeagueApi+LeagueEntries.swift in Sources */ = {isa = PBXBuildFile; fileRef = 56F353BE24AF440300E21EB4 /* LeagueApi+LeagueEntries.swift */; };
		56F353C124AF66B600E21EB4 /* AssetPaths.swift in Sources */ = {isa = PBXBuildFile; fileRef = 56F353C024AF66B600E21EB4 /* AssetPaths.swift */; };
		56F353C624AF7A2800E21EB4 /* MiddleAlignedView.swift in Sources */ = {isa = PBXBuildFile; fileRef = 56F353C524AF7A2800E21EB4 /* MiddleAlignedView.swift */; };
		56F353CA24B0AC3900E21EB4 /* League.swift in Sources */ = {isa = PBXBuildFile; fileRef = 56F353C924B0AC3900E21EB4 /* League.swift */; };
		56F353CC24B0B56700E21EB4 /* Color+Extensions.swift in Sources */ = {isa = PBXBuildFile; fileRef = 56F353CB24B0B56700E21EB4 /* Color+Extensions.swift */; };
		56FCBD2B24DC485000D4FABB /* RunePath.swift in Sources */ = {isa = PBXBuildFile; fileRef = 56FCBD2A24DC485000D4FABB /* RunePath.swift */; };
		56FCBD2D24DC487D00D4FABB /* RunePath+Slot.swift in Sources */ = {isa = PBXBuildFile; fileRef = 56FCBD2C24DC487D00D4FABB /* RunePath+Slot.swift */; };
		56FCBD2F24DC489A00D4FABB /* RunePath+Slot+Rune.swift in Sources */ = {isa = PBXBuildFile; fileRef = 56FCBD2E24DC489A00D4FABB /* RunePath+Slot+Rune.swift */; };
/* End PBXBuildFile section */

/* Begin PBXContainerItemProxy section */
		567528D924AA29BB009057C8 /* PBXContainerItemProxy */ = {
			isa = PBXContainerItemProxy;
			containerPortal = 567528B724AA29B8009057C8 /* Project object */;
			proxyType = 1;
			remoteGlobalIDString = 567528BE24AA29B8009057C8;
			remoteInfo = "Legend Within";
		};
/* End PBXContainerItemProxy section */

/* Begin PBXFileReference section */
		562C9A2824D478600061EB38 /* FlatSegmentedPicker.swift */ = {isa = PBXFileReference; lastKnownFileType = sourcecode.swift; path = FlatSegmentedPicker.swift; sourceTree = "<group>"; };
		562C9A2A24D57B060061EB38 /* Texts.swift */ = {isa = PBXFileReference; lastKnownFileType = sourcecode.swift; path = Texts.swift; sourceTree = "<group>"; };
		562C9A2D24D719A20061EB38 /* MainWindow.swift */ = {isa = PBXFileReference; lastKnownFileType = sourcecode.swift; path = MainWindow.swift; sourceTree = "<group>"; };
		562C9A2F24D71A1B0061EB38 /* MatchHistoryPage.swift */ = {isa = PBXFileReference; lastKnownFileType = sourcecode.swift; path = MatchHistoryPage.swift; sourceTree = "<group>"; };
		562C9A3124D71A2E0061EB38 /* SettingsPage.swift */ = {isa = PBXFileReference; lastKnownFileType = sourcecode.swift; path = SettingsPage.swift; sourceTree = "<group>"; };
		562C9A3324D71A500061EB38 /* StatisticsPage.swift */ = {isa = PBXFileReference; lastKnownFileType = sourcecode.swift; path = StatisticsPage.swift; sourceTree = "<group>"; };
		562C9A3524D71A820061EB38 /* KnowledgeBasePage.swift */ = {isa = PBXFileReference; lastKnownFileType = sourcecode.swift; path = KnowledgeBasePage.swift; sourceTree = "<group>"; };
		562C9A3724D71A9A0061EB38 /* LiveAssistantPage.swift */ = {isa = PBXFileReference; lastKnownFileType = sourcecode.swift; path = LiveAssistantPage.swift; sourceTree = "<group>"; };
		5631470024AE0FD5000CC418 /* Settings.swift */ = {isa = PBXFileReference; lastKnownFileType = sourcecode.swift; path = Settings.swift; sourceTree = "<group>"; };
		56328D0224D9F0CE00319CD9 /* StartScreen.swift */ = {isa = PBXFileReference; lastKnownFileType = sourcecode.swift; path = StartScreen.swift; sourceTree = "<group>"; };
		56328D0424D9F11100319CD9 /* NewVersionDownloadingView.swift */ = {isa = PBXFileReference; lastKnownFileType = sourcecode.swift; path = NewVersionDownloadingView.swift; sourceTree = "<group>"; };
		56328D0724DAAB8A00319CD9 /* Int+Extensions.swift */ = {isa = PBXFileReference; lastKnownFileType = sourcecode.swift; path = "Int+Extensions.swift"; sourceTree = "<group>"; };
		56328D0B24DC024300319CD9 /* NetworkRequestError.swift */ = {isa = PBXFileReference; lastKnownFileType = sourcecode.swift; path = NetworkRequestError.swift; sourceTree = "<group>"; };
		56328D0E24DC290000319CD9 /* Queue.swift */ = {isa = PBXFileReference; lastKnownFileType = sourcecode.swift; path = Queue.swift; sourceTree = "<group>"; };
		56348A5424DC2DC200E00F7F /* Map.swift */ = {isa = PBXFileReference; lastKnownFileType = sourcecode.swift; path = Map.swift; sourceTree = "<group>"; };
		5639762124D8735C003388C0 /* MatchExample.json */ = {isa = PBXFileReference; fileEncoding = 4; lastKnownFileType = text.json; path = MatchExample.json; sourceTree = "<group>"; };
		5639762324D873CC003388C0 /* MatchDetailsExample.json */ = {isa = PBXFileReference; fileEncoding = 4; lastKnownFileType = text.json; path = MatchDetailsExample.json; sourceTree = "<group>"; };
		56477ED724CADC6F00495535 /* OnboardingModel.swift */ = {isa = PBXFileReference; lastKnownFileType = sourcecode.swift; path = OnboardingModel.swift; sourceTree = "<group>"; };
		56477EDF24CAFAA800495535 /* OnboardingPage.swift */ = {isa = PBXFileReference; lastKnownFileType = sourcecode.swift; path = OnboardingPage.swift; sourceTree = "<group>"; };
		56477EE124CB24ED00495535 /* PageView.swift */ = {isa = PBXFileReference; lastKnownFileType = sourcecode.swift; path = PageView.swift; sourceTree = "<group>"; };
		5648A74224AF3CCF0074B550 /* FloatIn.swift */ = {isa = PBXFileReference; lastKnownFileType = sourcecode.swift; path = FloatIn.swift; sourceTree = "<group>"; };
		5657F31924D1D2CF00A7F437 /* SupportEmailView.swift */ = {isa = PBXFileReference; lastKnownFileType = sourcecode.swift; path = SupportEmailView.swift; sourceTree = "<group>"; };
		5657F31B24D1E0E200A7F437 /* UnknownErrorOverlayModel.swift */ = {isa = PBXFileReference; lastKnownFileType = sourcecode.swift; path = UnknownErrorOverlayModel.swift; sourceTree = "<group>"; };
		567528BF24AA29B8009057C8 /* Legend Within.app */ = {isa = PBXFileReference; explicitFileType = wrapper.application; includeInIndex = 0; path = "Legend Within.app"; sourceTree = BUILT_PRODUCTS_DIR; };
		567528C224AA29B8009057C8 /* AppDelegate.swift */ = {isa = PBXFileReference; lastKnownFileType = sourcecode.swift; path = AppDelegate.swift; sourceTree = "<group>"; };
		567528C424AA29B8009057C8 /* SceneDelegate.swift */ = {isa = PBXFileReference; lastKnownFileType = sourcecode.swift; path = SceneDelegate.swift; sourceTree = "<group>"; };
		567528CC24AA29B8009057C8 /* Legend_Within.xcdatamodel */ = {isa = PBXFileReference; lastKnownFileType = wrapper.xcdatamodel; path = Legend_Within.xcdatamodel; sourceTree = "<group>"; };
		567528CE24AA29BB009057C8 /* Assets.xcassets */ = {isa = PBXFileReference; lastKnownFileType = folder.assetcatalog; path = Assets.xcassets; sourceTree = "<group>"; };
		567528D124AA29BB009057C8 /* Base */ = {isa = PBXFileReference; lastKnownFileType = file.storyboard; name = Base; path = Base.lproj/LaunchScreen.storyboard; sourceTree = "<group>"; };
		567528D324AA29BB009057C8 /* Info.plist */ = {isa = PBXFileReference; lastKnownFileType = text.plist.xml; path = Info.plist; sourceTree = "<group>"; };
		567528D824AA29BB009057C8 /* Legend WithinTests.xctest */ = {isa = PBXFileReference; explicitFileType = wrapper.cfbundle; includeInIndex = 0; path = "Legend WithinTests.xctest"; sourceTree = BUILT_PRODUCTS_DIR; };
		567528DC24AA29BB009057C8 /* Legend_WithinTests.swift */ = {isa = PBXFileReference; lastKnownFileType = sourcecode.swift; path = Legend_WithinTests.swift; sourceTree = "<group>"; };
		567528DE24AA29BB009057C8 /* Info.plist */ = {isa = PBXFileReference; lastKnownFileType = text.plist.xml; path = Info.plist; sourceTree = "<group>"; };
		567528EB24AA2C62009057C8 /* WelcomePage.swift */ = {isa = PBXFileReference; lastKnownFileType = sourcecode.swift; path = WelcomePage.swift; sourceTree = "<group>"; };
		567528ED24AA2E76009057C8 /* AccountLookupPage.swift */ = {isa = PBXFileReference; lastKnownFileType = sourcecode.swift; path = AccountLookupPage.swift; sourceTree = "<group>"; };
		567528EF24AA2EBA009057C8 /* AccountLookupModel.swift */ = {isa = PBXFileReference; lastKnownFileType = sourcecode.swift; path = AccountLookupModel.swift; sourceTree = "<group>"; };
		567528F224AA2FCC009057C8 /* Region.swift */ = {isa = PBXFileReference; lastKnownFileType = sourcecode.swift; path = Region.swift; sourceTree = "<group>"; };
		567528F424AA30B8009057C8 /* Summoner.swift */ = {isa = PBXFileReference; lastKnownFileType = sourcecode.swift; path = Summoner.swift; sourceTree = "<group>"; };
		567528F624AA30C0009057C8 /* LeagueEntry.swift */ = {isa = PBXFileReference; lastKnownFileType = sourcecode.swift; path = LeagueEntry.swift; sourceTree = "<group>"; };
		567528F924AA368A009057C8 /* LeagueApi.swift */ = {isa = PBXFileReference; lastKnownFileType = sourcecode.swift; path = LeagueApi.swift; sourceTree = "<group>"; };
		567528FB24AA3776009057C8 /* LeagueApi+ApiKey.swift */ = {isa = PBXFileReference; lastKnownFileType = sourcecode.swift; path = "LeagueApi+ApiKey.swift"; sourceTree = "<group>"; };
		567528FD24AA43FF009057C8 /* MoyaProvider+Combine.swift */ = {isa = PBXFileReference; lastKnownFileType = sourcecode.swift; path = "MoyaProvider+Combine.swift"; sourceTree = "<group>"; };
		567528FF24AA489C009057C8 /* MoyaPublisher.swift */ = {isa = PBXFileReference; lastKnownFileType = sourcecode.swift; path = MoyaPublisher.swift; sourceTree = "<group>"; };
		5675295824AB46BE009057C8 /* ActivityIndicator.swift */ = {isa = PBXFileReference; lastKnownFileType = sourcecode.swift; path = ActivityIndicator.swift; sourceTree = "<group>"; };
		5675295D24AB9593009057C8 /* UrlConstants.swift */ = {isa = PBXFileReference; lastKnownFileType = sourcecode.swift; path = UrlConstants.swift; sourceTree = "<group>"; };
		56BC227F24C1E2090072D5E8 /* GlowingView.swift */ = {isa = PBXFileReference; lastKnownFileType = sourcecode.swift; path = GlowingView.swift; sourceTree = "<group>"; };
		56BC228224C23F2C0072D5E8 /* SummonerFoundOverlay.swift */ = {isa = PBXFileReference; lastKnownFileType = sourcecode.swift; path = SummonerFoundOverlay.swift; sourceTree = "<group>"; };
		56BC228424C23F8C0072D5E8 /* SummonerNotFoundOverlay.swift */ = {isa = PBXFileReference; lastKnownFileType = sourcecode.swift; path = SummonerNotFoundOverlay.swift; sourceTree = "<group>"; };
		56BC228624C23FB10072D5E8 /* UnknownErrorOverlay.swift */ = {isa = PBXFileReference; lastKnownFileType = sourcecode.swift; path = UnknownErrorOverlay.swift; sourceTree = "<group>"; };
		56BC228A24C242650072D5E8 /* SummonerFoundExampleLeagueEntry.json */ = {isa = PBXFileReference; lastKnownFileType = text.json; path = SummonerFoundExampleLeagueEntry.json; sourceTree = "<group>"; };
		56BC228C24C244090072D5E8 /* SummonerFoundExampleSoloQueueDivision.json */ = {isa = PBXFileReference; fileEncoding = 4; lastKnownFileType = text.json; path = SummonerFoundExampleSoloQueueDivision.json; sourceTree = "<group>"; };
		56BC228D24C244090072D5E8 /* SummonerFoundExampleSummoner.json */ = {isa = PBXFileReference; fileEncoding = 4; lastKnownFileType = text.json; path = SummonerFoundExampleSummoner.json; sourceTree = "<group>"; };
		56C96DAB24D8A14300685F76 /* LeagueApi+DataDragon.swift */ = {isa = PBXFileReference; lastKnownFileType = sourcecode.swift; path = "LeagueApi+DataDragon.swift"; sourceTree = "<group>"; };
		56C96DAE24D946C400685F76 /* Champion.swift */ = {isa = PBXFileReference; lastKnownFileType = sourcecode.swift; path = Champion.swift; sourceTree = "<group>"; };
		56C96DB024D946E700685F76 /* Champion+Info.swift */ = {isa = PBXFileReference; lastKnownFileType = sourcecode.swift; path = "Champion+Info.swift"; sourceTree = "<group>"; };
		56C96DB224D9470600685F76 /* Champion+Image.swift */ = {isa = PBXFileReference; lastKnownFileType = sourcecode.swift; path = "Champion+Image.swift"; sourceTree = "<group>"; };
		56C96DB424D9471800685F76 /* Champion+Stats.swift */ = {isa = PBXFileReference; lastKnownFileType = sourcecode.swift; path = "Champion+Stats.swift"; sourceTree = "<group>"; };
		56C96DB824D94A0200685F76 /* ChampionDetails.swift */ = {isa = PBXFileReference; lastKnownFileType = sourcecode.swift; path = ChampionDetails.swift; sourceTree = "<group>"; };
		56C96DBE24D94AE600685F76 /* ChampionDetails+Data.swift */ = {isa = PBXFileReference; lastKnownFileType = sourcecode.swift; path = "ChampionDetails+Data.swift"; sourceTree = "<group>"; };
		56C96DC024D9506D00685F76 /* ChampionDetails+Data+Image.swift */ = {isa = PBXFileReference; lastKnownFileType = sourcecode.swift; path = "ChampionDetails+Data+Image.swift"; sourceTree = "<group>"; };
		56C96DC224D9508400685F76 /* ChampionDetails+Data+Skin.swift */ = {isa = PBXFileReference; lastKnownFileType = sourcecode.swift; path = "ChampionDetails+Data+Skin.swift"; sourceTree = "<group>"; };
		56C96DC424D950AA00685F76 /* ChampionDetails+Data+Info.swift */ = {isa = PBXFileReference; lastKnownFileType = sourcecode.swift; path = "ChampionDetails+Data+Info.swift"; sourceTree = "<group>"; };
		56C96DC624D950BD00685F76 /* ChampionDetails+Data+Stats.swift */ = {isa = PBXFileReference; lastKnownFileType = sourcecode.swift; path = "ChampionDetails+Data+Stats.swift"; sourceTree = "<group>"; };
		56C96DC824D950CF00685F76 /* ChampionDetails+Data+Spell.swift */ = {isa = PBXFileReference; lastKnownFileType = sourcecode.swift; path = "ChampionDetails+Data+Spell.swift"; sourceTree = "<group>"; };
		56C96DCA24D950F300685F76 /* ChampionDetails+Data+Passive.swift */ = {isa = PBXFileReference; lastKnownFileType = sourcecode.swift; path = "ChampionDetails+Data+Passive.swift"; sourceTree = "<group>"; };
		56C96DCC24D9512C00685F76 /* ChampionDetails+Data+Recommended.swift */ = {isa = PBXFileReference; lastKnownFileType = sourcecode.swift; path = "ChampionDetails+Data+Recommended.swift"; sourceTree = "<group>"; };
		56C96DCF24D951BD00685F76 /* ChampionDetails+Data+Spell+LevelTip.swift */ = {isa = PBXFileReference; lastKnownFileType = sourcecode.swift; path = "ChampionDetails+Data+Spell+LevelTip.swift"; sourceTree = "<group>"; };
		56C96DD124D9538E00685F76 /* ChampionDetails+Data+Spell+Var.swift */ = {isa = PBXFileReference; lastKnownFileType = sourcecode.swift; path = "ChampionDetails+Data+Spell+Var.swift"; sourceTree = "<group>"; };
		56D3187E24D721BA002F4FAB /* MatchHistoryItem.swift */ = {isa = PBXFileReference; lastKnownFileType = sourcecode.swift; path = MatchHistoryItem.swift; sourceTree = "<group>"; };
		56D3188024D7226E002F4FAB /* MatchDetailsPage.swift */ = {isa = PBXFileReference; lastKnownFileType = sourcecode.swift; path = MatchDetailsPage.swift; sourceTree = "<group>"; };
		56D3188224D85560002F4FAB /* MatchHistoryModel.swift */ = {isa = PBXFileReference; lastKnownFileType = sourcecode.swift; path = MatchHistoryModel.swift; sourceTree = "<group>"; };
		56D3188424D8558E002F4FAB /* LeagueApi+Matches.swift */ = {isa = PBXFileReference; lastKnownFileType = sourcecode.swift; path = "LeagueApi+Matches.swift"; sourceTree = "<group>"; };
		56D3188624D8566E002F4FAB /* Match.swift */ = {isa = PBXFileReference; lastKnownFileType = sourcecode.swift; path = Match.swift; sourceTree = "<group>"; };
		56D3188824D856A1002F4FAB /* MatchHistory.swift */ = {isa = PBXFileReference; lastKnownFileType = sourcecode.swift; path = MatchHistory.swift; sourceTree = "<group>"; };
		56D3188A24D85803002F4FAB /* MatchDetails.swift */ = {isa = PBXFileReference; lastKnownFileType = sourcecode.swift; path = MatchDetails.swift; sourceTree = "<group>"; };
		56D3188D24D85925002F4FAB /* MatchDetails+Team.swift */ = {isa = PBXFileReference; lastKnownFileType = sourcecode.swift; path = "MatchDetails+Team.swift"; sourceTree = "<group>"; };
		56D3188F24D85965002F4FAB /* MatchDetails+Team+Ban.swift */ = {isa = PBXFileReference; lastKnownFileType = sourcecode.swift; path = "MatchDetails+Team+Ban.swift"; sourceTree = "<group>"; };
		56D3189124D859DD002F4FAB /* MatchDetails+Participant.swift */ = {isa = PBXFileReference; lastKnownFileType = sourcecode.swift; path = "MatchDetails+Participant.swift"; sourceTree = "<group>"; };
		56D3189324D85A0D002F4FAB /* MatchDetails+Participant+Stats.swift */ = {isa = PBXFileReference; lastKnownFileType = sourcecode.swift; path = "MatchDetails+Participant+Stats.swift"; sourceTree = "<group>"; };
		56D3189524D85A79002F4FAB /* MatchDetails+Participant+Timeline.swift */ = {isa = PBXFileReference; lastKnownFileType = sourcecode.swift; path = "MatchDetails+Participant+Timeline.swift"; sourceTree = "<group>"; };
		56D318AC24D8630E002F4FAB /* MatchDetails+ParticipantIdentity.swift */ = {isa = PBXFileReference; lastKnownFileType = sourcecode.swift; path = "MatchDetails+ParticipantIdentity.swift"; sourceTree = "<group>"; };
		56D318AE24D8632E002F4FAB /* MatchDetails+ParticipantIdentity+Player.swift */ = {isa = PBXFileReference; lastKnownFileType = sourcecode.swift; path = "MatchDetails+ParticipantIdentity+Player.swift"; sourceTree = "<group>"; };
		56ED282824D9560E00016178 /* ChampionDetails+Data+Spell+DataValues.swift */ = {isa = PBXFileReference; lastKnownFileType = sourcecode.swift; path = "ChampionDetails+Data+Spell+DataValues.swift"; sourceTree = "<group>"; };
		56ED282B24D956FB00016178 /* ChampionDetails+Data+Recommended+Block.swift */ = {isa = PBXFileReference; lastKnownFileType = sourcecode.swift; path = "ChampionDetails+Data+Recommended+Block.swift"; sourceTree = "<group>"; };
		56ED282D24D9572A00016178 /* ChampionDetails+Data+Recommended+Block+Item.swift */ = {isa = PBXFileReference; lastKnownFileType = sourcecode.swift; path = "ChampionDetails+Data+Recommended+Block+Item.swift"; sourceTree = "<group>"; };
		56ED283024D95FCC00016178 /* Item.swift */ = {isa = PBXFileReference; lastKnownFileType = sourcecode.swift; path = Item.swift; sourceTree = "<group>"; };
		56ED283224D95FF400016178 /* Item+Image.swift */ = {isa = PBXFileReference; lastKnownFileType = sourcecode.swift; path = "Item+Image.swift"; sourceTree = "<group>"; };
		56ED283424D9600000016178 /* Item+Gold.swift */ = {isa = PBXFileReference; lastKnownFileType = sourcecode.swift; path = "Item+Gold.swift"; sourceTree = "<group>"; };
		56ED283624D9601A00016178 /* Item+Maps.swift */ = {isa = PBXFileReference; lastKnownFileType = sourcecode.swift; path = "Item+Maps.swift"; sourceTree = "<group>"; };
		56ED283824D9602900016178 /* Item+Stat.swift */ = {isa = PBXFileReference; lastKnownFileType = sourcecode.swift; path = "Item+Stat.swift"; sourceTree = "<group>"; };
		56ED283A24D961A400016178 /* GameData.swift */ = {isa = PBXFileReference; lastKnownFileType = sourcecode.swift; path = GameData.swift; sourceTree = "<group>"; };
		56ED283C24D962D800016178 /* FilePaths.swift */ = {isa = PBXFileReference; lastKnownFileType = sourcecode.swift; path = FilePaths.swift; sourceTree = "<group>"; };
		56ED283E24D9655200016178 /* ChampionsJSON.swift */ = {isa = PBXFileReference; lastKnownFileType = sourcecode.swift; path = ChampionsJSON.swift; sourceTree = "<group>"; };
		56ED284024D9694700016178 /* ItemsJSON.swift */ = {isa = PBXFileReference; lastKnownFileType = sourcecode.swift; path = ItemsJSON.swift; sourceTree = "<group>"; };
		56F353B824AF3EE700E21EB4 /* CustomViewModifiers.swift */ = {isa = PBXFileReference; lastKnownFileType = sourcecode.swift; path = CustomViewModifiers.swift; sourceTree = "<group>"; };
		56F353BC24AF43EF00E21EB4 /* LeagueApi+Summoners.swift */ = {isa = PBXFileReference; lastKnownFileType = sourcecode.swift; path = "LeagueApi+Summoners.swift"; sourceTree = "<group>"; };
		56F353BE24AF440300E21EB4 /* LeagueApi+LeagueEntries.swift */ = {isa = PBXFileReference; lastKnownFileType = sourcecode.swift; path = "LeagueApi+LeagueEntries.swift"; sourceTree = "<group>"; };
		56F353C024AF66B600E21EB4 /* AssetPaths.swift */ = {isa = PBXFileReference; lastKnownFileType = sourcecode.swift; path = AssetPaths.swift; sourceTree = "<group>"; };
		56F353C524AF7A2800E21EB4 /* MiddleAlignedView.swift */ = {isa = PBXFileReference; lastKnownFileType = sourcecode.swift; path = MiddleAlignedView.swift; sourceTree = "<group>"; };
		56F353C924B0AC3900E21EB4 /* League.swift */ = {isa = PBXFileReference; lastKnownFileType = sourcecode.swift; path = League.swift; sourceTree = "<group>"; };
		56F353CB24B0B56700E21EB4 /* Color+Extensions.swift */ = {isa = PBXFileReference; lastKnownFileType = sourcecode.swift; path = "Color+Extensions.swift"; sourceTree = "<group>"; };
		56FCBD2A24DC485000D4FABB /* RunePath.swift */ = {isa = PBXFileReference; lastKnownFileType = sourcecode.swift; path = RunePath.swift; sourceTree = "<group>"; };
		56FCBD2C24DC487D00D4FABB /* RunePath+Slot.swift */ = {isa = PBXFileReference; lastKnownFileType = sourcecode.swift; path = "RunePath+Slot.swift"; sourceTree = "<group>"; };
		56FCBD2E24DC489A00D4FABB /* RunePath+Slot+Rune.swift */ = {isa = PBXFileReference; lastKnownFileType = sourcecode.swift; path = "RunePath+Slot+Rune.swift"; sourceTree = "<group>"; };
/* End PBXFileReference section */

/* Begin PBXFrameworksBuildPhase section */
		567528BC24AA29B8009057C8 /* Frameworks */ = {
			isa = PBXFrameworksBuildPhase;
			buildActionMask = 2147483647;
			files = (
				5675295C24AB954A009057C8 /* KingfisherSwiftUI in Frameworks */,
				567528EA24AA2C12009057C8 /* Moya in Frameworks */,
			);
			runOnlyForDeploymentPostprocessing = 0;
		};
		567528D524AA29BB009057C8 /* Frameworks */ = {
			isa = PBXFrameworksBuildPhase;
			buildActionMask = 2147483647;
			files = (
			);
			runOnlyForDeploymentPostprocessing = 0;
		};
/* End PBXFrameworksBuildPhase section */

/* Begin PBXGroup section */
		562C9A2C24D7197A0061EB38 /* Main Functionalities */ = {
			isa = PBXGroup;
			children = (
				56328D0224D9F0CE00319CD9 /* StartScreen.swift */,
				562C9A2D24D719A20061EB38 /* MainWindow.swift */,
				56328D0424D9F11100319CD9 /* NewVersionDownloadingView.swift */,
				562C9A3D24D71ABD0061EB38 /* Statistics */,
				562C9A3C24D71AB60061EB38 /* Knowledge Base */,
				562C9A3B24D71AAF0061EB38 /* Settings */,
				562C9A3A24D71AA90061EB38 /* Match History */,
				562C9A3924D71AA10061EB38 /* Live Assistant */,
			);
			path = "Main Functionalities";
			sourceTree = "<group>";
		};
		562C9A3924D71AA10061EB38 /* Live Assistant */ = {
			isa = PBXGroup;
			children = (
				562C9A3724D71A9A0061EB38 /* LiveAssistantPage.swift */,
			);
			path = "Live Assistant";
			sourceTree = "<group>";
		};
		562C9A3A24D71AA90061EB38 /* Match History */ = {
			isa = PBXGroup;
			children = (
				562C9A2F24D71A1B0061EB38 /* MatchHistoryPage.swift */,
				56D3187E24D721BA002F4FAB /* MatchHistoryItem.swift */,
				56D3188024D7226E002F4FAB /* MatchDetailsPage.swift */,
				56D3188224D85560002F4FAB /* MatchHistoryModel.swift */,
				5639762124D8735C003388C0 /* MatchExample.json */,
				5639762324D873CC003388C0 /* MatchDetailsExample.json */,
			);
			path = "Match History";
			sourceTree = "<group>";
		};
		562C9A3B24D71AAF0061EB38 /* Settings */ = {
			isa = PBXGroup;
			children = (
				562C9A3124D71A2E0061EB38 /* SettingsPage.swift */,
			);
			path = Settings;
			sourceTree = "<group>";
		};
		562C9A3C24D71AB60061EB38 /* Knowledge Base */ = {
			isa = PBXGroup;
			children = (
				562C9A3524D71A820061EB38 /* KnowledgeBasePage.swift */,
			);
			path = "Knowledge Base";
			sourceTree = "<group>";
		};
		562C9A3D24D71ABD0061EB38 /* Statistics */ = {
			isa = PBXGroup;
			children = (
				562C9A3324D71A500061EB38 /* StatisticsPage.swift */,
			);
			path = Statistics;
			sourceTree = "<group>";
		};
		563146FF24AE0FB4000CC418 /* Persistent Data */ = {
			isa = PBXGroup;
			children = (
				5631470024AE0FD5000CC418 /* Settings.swift */,
				562C9A2A24D57B060061EB38 /* Texts.swift */,
				56F353C024AF66B600E21EB4 /* AssetPaths.swift */,
				56ED283C24D962D800016178 /* FilePaths.swift */,
			);
			path = "Persistent Data";
			sourceTree = "<group>";
		};
		56328D0624DAAB6E00319CD9 /* Helper methods and objects */ = {
			isa = PBXGroup;
			children = (
				56328D0724DAAB8A00319CD9 /* Int+Extensions.swift */,
				56328D0B24DC024300319CD9 /* NetworkRequestError.swift */,
			);
			path = "Helper methods and objects";
			sourceTree = "<group>";
		};
		56328D0D24DC28EB00319CD9 /* Match */ = {
			isa = PBXGroup;
			children = (
				56D3188624D8566E002F4FAB /* Match.swift */,
			);
			path = Match;
			sourceTree = "<group>";
		};
		56328D1024DC296300319CD9 /* Maps and Queues */ = {
			isa = PBXGroup;
			children = (
				56328D0E24DC290000319CD9 /* Queue.swift */,
				56348A5424DC2DC200E00F7F /* Map.swift */,
			);
			path = "Maps and Queues";
			sourceTree = "<group>";
		};
		5648A74424AF3CD40074B550 /* ViewModifiers */ = {
			isa = PBXGroup;
			children = (
				56F353B824AF3EE700E21EB4 /* CustomViewModifiers.swift */,
				5648A74224AF3CCF0074B550 /* FloatIn.swift */,
			);
			path = ViewModifiers;
			sourceTree = "<group>";
		};
		567528B624AA29B8009057C8 = {
			isa = PBXGroup;
			children = (
				567528C124AA29B8009057C8 /* Legend Within */,
				567528DB24AA29BB009057C8 /* Legend WithinTests */,
				567528C024AA29B8009057C8 /* Products */,
			);
			sourceTree = "<group>";
		};
		567528C024AA29B8009057C8 /* Products */ = {
			isa = PBXGroup;
			children = (
				567528BF24AA29B8009057C8 /* Legend Within.app */,
				567528D824AA29BB009057C8 /* Legend WithinTests.xctest */,
			);
			name = Products;
			sourceTree = "<group>";
		};
		567528C124AA29B8009057C8 /* Legend Within */ = {
			isa = PBXGroup;
			children = (
				563146FF24AE0FB4000CC418 /* Persistent Data */,
				5675295724AB46AD009057C8 /* Custom Views */,
				56328D0624DAAB6E00319CD9 /* Helper methods and objects */,
				567528F824AA3506009057C8 /* API */,
				567528F124AA2FC3009057C8 /* Model */,
				567528E724AA29E2009057C8 /* Onboarding */,
				562C9A2C24D7197A0061EB38 /* Main Functionalities */,
				567528C224AA29B8009057C8 /* AppDelegate.swift */,
				567528C424AA29B8009057C8 /* SceneDelegate.swift */,
				567528CE24AA29BB009057C8 /* Assets.xcassets */,
				567528D024AA29BB009057C8 /* LaunchScreen.storyboard */,
				567528D324AA29BB009057C8 /* Info.plist */,
				567528CB24AA29B8009057C8 /* Legend_Within.xcdatamodeld */,
			);
			path = "Legend Within";
			sourceTree = "<group>";
		};
		567528DB24AA29BB009057C8 /* Legend WithinTests */ = {
			isa = PBXGroup;
			children = (
				567528DC24AA29BB009057C8 /* Legend_WithinTests.swift */,
				567528DE24AA29BB009057C8 /* Info.plist */,
			);
			path = "Legend WithinTests";
			sourceTree = "<group>";
		};
		567528E724AA29E2009057C8 /* Onboarding */ = {
			isa = PBXGroup;
			children = (
				56477EDF24CAFAA800495535 /* OnboardingPage.swift */,
				56477ED724CADC6F00495535 /* OnboardingModel.swift */,
				567528EB24AA2C62009057C8 /* WelcomePage.swift */,
				56BC228124C23F0F0072D5E8 /* AccountLookupPage */,
			);
			path = Onboarding;
			sourceTree = "<group>";
		};
		567528F124AA2FC3009057C8 /* Model */ = {
			isa = PBXGroup;
			children = (
				56C96DAD24D946B600685F76 /* Game Data */,
				56D3188C24D85907002F4FAB /* Matches */,
				56F353C924B0AC3900E21EB4 /* League.swift */,
				567528F624AA30C0009057C8 /* LeagueEntry.swift */,
				567528F224AA2FCC009057C8 /* Region.swift */,
				567528F424AA30B8009057C8 /* Summoner.swift */,
			);
			path = Model;
			sourceTree = "<group>";
		};
		567528F824AA3506009057C8 /* API */ = {
			isa = PBXGroup;
			children = (
				5675295D24AB9593009057C8 /* UrlConstants.swift */,
				567528F924AA368A009057C8 /* LeagueApi.swift */,
				567528FB24AA3776009057C8 /* LeagueApi+ApiKey.swift */,
				56F353BB24AF43CE00E21EB4 /* Moya API objects */,
				56F353BA24AF42AB00E21EB4 /* Moya Extensions */,
			);
			path = API;
			sourceTree = "<group>";
		};
		5675295724AB46AD009057C8 /* Custom Views */ = {
			isa = PBXGroup;
			children = (
				5675295824AB46BE009057C8 /* ActivityIndicator.swift */,
				56F353CB24B0B56700E21EB4 /* Color+Extensions.swift */,
				56F353C524AF7A2800E21EB4 /* MiddleAlignedView.swift */,
				56BC227F24C1E2090072D5E8 /* GlowingView.swift */,
				56477EE124CB24ED00495535 /* PageView.swift */,
				5657F31924D1D2CF00A7F437 /* SupportEmailView.swift */,
				562C9A2824D478600061EB38 /* FlatSegmentedPicker.swift */,
				5648A74424AF3CD40074B550 /* ViewModifiers */,
			);
			path = "Custom Views";
			sourceTree = "<group>";
		};
		56BC228124C23F0F0072D5E8 /* AccountLookupPage */ = {
			isa = PBXGroup;
			children = (
				567528EF24AA2EBA009057C8 /* AccountLookupModel.swift */,
				567528ED24AA2E76009057C8 /* AccountLookupPage.swift */,
				56BC228224C23F2C0072D5E8 /* SummonerFoundOverlay.swift */,
				56BC228424C23F8C0072D5E8 /* SummonerNotFoundOverlay.swift */,
				56BC228624C23FB10072D5E8 /* UnknownErrorOverlay.swift */,
				5657F31B24D1E0E200A7F437 /* UnknownErrorOverlayModel.swift */,
				56BC228A24C242650072D5E8 /* SummonerFoundExampleLeagueEntry.json */,
				56BC228C24C244090072D5E8 /* SummonerFoundExampleSoloQueueDivision.json */,
				56BC228D24C244090072D5E8 /* SummonerFoundExampleSummoner.json */,
			);
			path = AccountLookupPage;
			sourceTree = "<group>";
		};
		56C96DAD24D946B600685F76 /* Game Data */ = {
			isa = PBXGroup;
			children = (
				56FCBD2924DC483D00D4FABB /* Runes */,
				56328D1024DC296300319CD9 /* Maps and Queues */,
				56C96DBA24D94A2000685F76 /* Champion Main Info */,
				56C96DBB24D94A2D00685F76 /* Champion Details */,
				56ED282F24D957B200016178 /* Items */,
				56ED283A24D961A400016178 /* GameData.swift */,
			);
			path = "Game Data";
			sourceTree = "<group>";
		};
		56C96DBA24D94A2000685F76 /* Champion Main Info */ = {
			isa = PBXGroup;
			children = (
				56C96DAE24D946C400685F76 /* Champion.swift */,
				56C96DB024D946E700685F76 /* Champion+Info.swift */,
				56C96DB224D9470600685F76 /* Champion+Image.swift */,
				56C96DB424D9471800685F76 /* Champion+Stats.swift */,
				56ED283E24D9655200016178 /* ChampionsJSON.swift */,
			);
			path = "Champion Main Info";
			sourceTree = "<group>";
		};
		56C96DBB24D94A2D00685F76 /* Champion Details */ = {
			isa = PBXGroup;
			children = (
				56C96DB824D94A0200685F76 /* ChampionDetails.swift */,
				56C96DBE24D94AE600685F76 /* ChampionDetails+Data.swift */,
				56C96DC024D9506D00685F76 /* ChampionDetails+Data+Image.swift */,
				56C96DC424D950AA00685F76 /* ChampionDetails+Data+Info.swift */,
				56C96DCA24D950F300685F76 /* ChampionDetails+Data+Passive.swift */,
				56C96DC224D9508400685F76 /* ChampionDetails+Data+Skin.swift */,
				56C96DC624D950BD00685F76 /* ChampionDetails+Data+Stats.swift */,
				56ED282A24D956E200016178 /* Recommended Items */,
				56C96DCE24D9519B00685F76 /* Spells */,
			);
			path = "Champion Details";
			sourceTree = "<group>";
		};
		56C96DCE24D9519B00685F76 /* Spells */ = {
			isa = PBXGroup;
			children = (
				56C96DC824D950CF00685F76 /* ChampionDetails+Data+Spell.swift */,
				56C96DCF24D951BD00685F76 /* ChampionDetails+Data+Spell+LevelTip.swift */,
				56C96DD124D9538E00685F76 /* ChampionDetails+Data+Spell+Var.swift */,
				56ED282824D9560E00016178 /* ChampionDetails+Data+Spell+DataValues.swift */,
			);
			path = Spells;
			sourceTree = "<group>";
		};
		56D3188C24D85907002F4FAB /* Matches */ = {
			isa = PBXGroup;
			children = (
				56D3189C24D85DC8002F4FAB /* Details */,
				56328D0D24DC28EB00319CD9 /* Match */,
				56D3188824D856A1002F4FAB /* MatchHistory.swift */,
			);
			path = Matches;
			sourceTree = "<group>";
		};
		56D3189C24D85DC8002F4FAB /* Details */ = {
			isa = PBXGroup;
			children = (
				56D3188A24D85803002F4FAB /* MatchDetails.swift */,
				56D3189E24D85DDD002F4FAB /* Participant */,
				56D318AB24D862EA002F4FAB /* ParticipantIdentity */,
				56D3189D24D85DD2002F4FAB /* Team */,
			);
			path = Details;
			sourceTree = "<group>";
		};
		56D3189D24D85DD2002F4FAB /* Team */ = {
			isa = PBXGroup;
			children = (
				56D3188D24D85925002F4FAB /* MatchDetails+Team.swift */,
				56D3188F24D85965002F4FAB /* MatchDetails+Team+Ban.swift */,
			);
			path = Team;
			sourceTree = "<group>";
		};
		56D3189E24D85DDD002F4FAB /* Participant */ = {
			isa = PBXGroup;
			children = (
				56D3189124D859DD002F4FAB /* MatchDetails+Participant.swift */,
				56D3189324D85A0D002F4FAB /* MatchDetails+Participant+Stats.swift */,
				56D3189524D85A79002F4FAB /* MatchDetails+Participant+Timeline.swift */,
			);
			path = Participant;
			sourceTree = "<group>";
		};
		56D318AB24D862EA002F4FAB /* ParticipantIdentity */ = {
			isa = PBXGroup;
			children = (
				56D318AC24D8630E002F4FAB /* MatchDetails+ParticipantIdentity.swift */,
				56D318AE24D8632E002F4FAB /* MatchDetails+ParticipantIdentity+Player.swift */,
			);
			path = ParticipantIdentity;
			sourceTree = "<group>";
		};
		56ED282A24D956E200016178 /* Recommended Items */ = {
			isa = PBXGroup;
			children = (
				56C96DCC24D9512C00685F76 /* ChampionDetails+Data+Recommended.swift */,
				56ED282B24D956FB00016178 /* ChampionDetails+Data+Recommended+Block.swift */,
				56ED282D24D9572A00016178 /* ChampionDetails+Data+Recommended+Block+Item.swift */,
			);
			path = "Recommended Items";
			sourceTree = "<group>";
		};
		56ED282F24D957B200016178 /* Items */ = {
			isa = PBXGroup;
			children = (
				56ED283024D95FCC00016178 /* Item.swift */,
				56ED283224D95FF400016178 /* Item+Image.swift */,
				56ED283424D9600000016178 /* Item+Gold.swift */,
				56ED283624D9601A00016178 /* Item+Maps.swift */,
				56ED283824D9602900016178 /* Item+Stat.swift */,
				56ED284024D9694700016178 /* ItemsJSON.swift */,
			);
			path = Items;
			sourceTree = "<group>";
		};
		56F353BA24AF42AB00E21EB4 /* Moya Extensions */ = {
			isa = PBXGroup;
			children = (
				567528FD24AA43FF009057C8 /* MoyaProvider+Combine.swift */,
				567528FF24AA489C009057C8 /* MoyaPublisher.swift */,
			);
			path = "Moya Extensions";
			sourceTree = "<group>";
		};
		56F353BB24AF43CE00E21EB4 /* Moya API objects */ = {
			isa = PBXGroup;
			children = (
				56F353BC24AF43EF00E21EB4 /* LeagueApi+Summoners.swift */,
				56F353BE24AF440300E21EB4 /* LeagueApi+LeagueEntries.swift */,
				56D3188424D8558E002F4FAB /* LeagueApi+Matches.swift */,
				56C96DAB24D8A14300685F76 /* LeagueApi+DataDragon.swift */,
			);
			path = "Moya API objects";
			sourceTree = "<group>";
		};
		56FCBD2924DC483D00D4FABB /* Runes */ = {
			isa = PBXGroup;
			children = (
				56FCBD2A24DC485000D4FABB /* RunePath.swift */,
				56FCBD2C24DC487D00D4FABB /* RunePath+Slot.swift */,
				56FCBD2E24DC489A00D4FABB /* RunePath+Slot+Rune.swift */,
			);
			path = Runes;
			sourceTree = "<group>";
		};
/* End PBXGroup section */

/* Begin PBXNativeTarget section */
		567528BE24AA29B8009057C8 /* Legend Within */ = {
			isa = PBXNativeTarget;
			buildConfigurationList = 567528E124AA29BB009057C8 /* Build configuration list for PBXNativeTarget "Legend Within" */;
			buildPhases = (
				567528BB24AA29B8009057C8 /* Sources */,
				567528BC24AA29B8009057C8 /* Frameworks */,
				567528BD24AA29B8009057C8 /* Resources */,
			);
			buildRules = (
			);
			dependencies = (
			);
			name = "Legend Within";
			packageProductDependencies = (
				567528E924AA2C12009057C8 /* Moya */,
				5675295B24AB954A009057C8 /* KingfisherSwiftUI */,
			);
			productName = "Legend Within";
			productReference = 567528BF24AA29B8009057C8 /* Legend Within.app */;
			productType = "com.apple.product-type.application";
		};
		567528D724AA29BB009057C8 /* Legend WithinTests */ = {
			isa = PBXNativeTarget;
			buildConfigurationList = 567528E424AA29BB009057C8 /* Build configuration list for PBXNativeTarget "Legend WithinTests" */;
			buildPhases = (
				567528D424AA29BB009057C8 /* Sources */,
				567528D524AA29BB009057C8 /* Frameworks */,
				567528D624AA29BB009057C8 /* Resources */,
			);
			buildRules = (
			);
			dependencies = (
				567528DA24AA29BB009057C8 /* PBXTargetDependency */,
			);
			name = "Legend WithinTests";
			productName = "Legend WithinTests";
			productReference = 567528D824AA29BB009057C8 /* Legend WithinTests.xctest */;
			productType = "com.apple.product-type.bundle.unit-test";
		};
/* End PBXNativeTarget section */

/* Begin PBXProject section */
		567528B724AA29B8009057C8 /* Project object */ = {
			isa = PBXProject;
			attributes = {
				LastSwiftUpdateCheck = 1150;
				LastUpgradeCheck = 1150;
				ORGANIZATIONNAME = EBUniApps;
				TargetAttributes = {
					567528BE24AA29B8009057C8 = {
						CreatedOnToolsVersion = 11.5;
					};
					567528D724AA29BB009057C8 = {
						CreatedOnToolsVersion = 11.5;
						TestTargetID = 567528BE24AA29B8009057C8;
					};
				};
			};
			buildConfigurationList = 567528BA24AA29B8009057C8 /* Build configuration list for PBXProject "Legend Within" */;
			compatibilityVersion = "Xcode 9.3";
			developmentRegion = en;
			hasScannedForEncodings = 0;
			knownRegions = (
				en,
				Base,
			);
			mainGroup = 567528B624AA29B8009057C8;
			packageReferences = (
				567528E824AA2C12009057C8 /* XCRemoteSwiftPackageReference "Moya" */,
				5675295A24AB954A009057C8 /* XCRemoteSwiftPackageReference "Kingfisher" */,
			);
			productRefGroup = 567528C024AA29B8009057C8 /* Products */;
			projectDirPath = "";
			projectRoot = "";
			targets = (
				567528BE24AA29B8009057C8 /* Legend Within */,
				567528D724AA29BB009057C8 /* Legend WithinTests */,
			);
		};
/* End PBXProject section */

/* Begin PBXResourcesBuildPhase section */
		567528BD24AA29B8009057C8 /* Resources */ = {
			isa = PBXResourcesBuildPhase;
			buildActionMask = 2147483647;
			files = (
				5639762224D8735C003388C0 /* MatchExample.json in Resources */,
				56BC228E24C244090072D5E8 /* SummonerFoundExampleSoloQueueDivision.json in Resources */,
				56BC228F24C244090072D5E8 /* SummonerFoundExampleSummoner.json in Resources */,
				5639762424D873CC003388C0 /* MatchDetailsExample.json in Resources */,
				567528D224AA29BB009057C8 /* LaunchScreen.storyboard in Resources */,
				567528CF24AA29BB009057C8 /* Assets.xcassets in Resources */,
				56BC228B24C242650072D5E8 /* SummonerFoundExampleLeagueEntry.json in Resources */,
			);
			runOnlyForDeploymentPostprocessing = 0;
		};
		567528D624AA29BB009057C8 /* Resources */ = {
			isa = PBXResourcesBuildPhase;
			buildActionMask = 2147483647;
			files = (
			);
			runOnlyForDeploymentPostprocessing = 0;
		};
/* End PBXResourcesBuildPhase section */

/* Begin PBXSourcesBuildPhase section */
		567528BB24AA29B8009057C8 /* Sources */ = {
			isa = PBXSourcesBuildPhase;
			buildActionMask = 2147483647;
			files = (
				567528FA24AA368A009057C8 /* LeagueApi.swift in Sources */,
				56BC228724C23FB10072D5E8 /* UnknownErrorOverlay.swift in Sources */,
				56C96DAC24D8A14300685F76 /* LeagueApi+DataDragon.swift in Sources */,
				5675295924AB46BE009057C8 /* ActivityIndicator.swift in Sources */,
				56D3189624D85A79002F4FAB /* MatchDetails+Participant+Timeline.swift in Sources */,
				567528F024AA2EBA009057C8 /* AccountLookupModel.swift in Sources */,
				56F353B924AF3EE700E21EB4 /* CustomViewModifiers.swift in Sources */,
				56C96DD024D951BD00685F76 /* ChampionDetails+Data+Spell+LevelTip.swift in Sources */,
				56C96DCD24D9512C00685F76 /* ChampionDetails+Data+Recommended.swift in Sources */,
				567528EE24AA2E76009057C8 /* AccountLookupPage.swift in Sources */,
				56BC228524C23F8C0072D5E8 /* SummonerNotFoundOverlay.swift in Sources */,
				56ED283D24D962D800016178 /* FilePaths.swift in Sources */,
				56D3188724D8566E002F4FAB /* Match.swift in Sources */,
				56F353CC24B0B56700E21EB4 /* Color+Extensions.swift in Sources */,
				56D3188E24D85925002F4FAB /* MatchDetails+Team.swift in Sources */,
				56C96DB524D9471800685F76 /* Champion+Stats.swift in Sources */,
				56C96DB124D946E700685F76 /* Champion+Info.swift in Sources */,
				562C9A2B24D57B060061EB38 /* Texts.swift in Sources */,
				56D3189024D85965002F4FAB /* MatchDetails+Team+Ban.swift in Sources */,
				56F353C124AF66B600E21EB4 /* AssetPaths.swift in Sources */,
				56ED282C24D956FB00016178 /* ChampionDetails+Data+Recommended+Block.swift in Sources */,
				56C96DCB24D950F300685F76 /* ChampionDetails+Data+Passive.swift in Sources */,
				567528F524AA30B8009057C8 /* Summoner.swift in Sources */,
				5675290024AA489C009057C8 /* MoyaPublisher.swift in Sources */,
				56FCBD2B24DC485000D4FABB /* RunePath.swift in Sources */,
				56328D0C24DC024300319CD9 /* NetworkRequestError.swift in Sources */,
				5657F31C24D1E0E200A7F437 /* UnknownErrorOverlayModel.swift in Sources */,
				56C96DC324D9508400685F76 /* ChampionDetails+Data+Skin.swift in Sources */,
				56FCBD2F24DC489A00D4FABB /* RunePath+Slot+Rune.swift in Sources */,
				567528FC24AA3776009057C8 /* LeagueApi+ApiKey.swift in Sources */,
				56328D0524D9F11100319CD9 /* NewVersionDownloadingView.swift in Sources */,
				56C96DC924D950CF00685F76 /* ChampionDetails+Data+Spell.swift in Sources */,
				5675295E24AB9593009057C8 /* UrlConstants.swift in Sources */,
				562C9A3224D71A2E0061EB38 /* SettingsPage.swift in Sources */,
				56F353CA24B0AC3900E21EB4 /* League.swift in Sources */,
				56ED284124D9694700016178 /* ItemsJSON.swift in Sources */,
				56D3188524D8558E002F4FAB /* LeagueApi+Matches.swift in Sources */,
				567528EC24AA2C62009057C8 /* WelcomePage.swift in Sources */,
				56D3188924D856A1002F4FAB /* MatchHistory.swift in Sources */,
				56ED282924D9560E00016178 /* ChampionDetails+Data+Spell+DataValues.swift in Sources */,
				56D318AD24D8630E002F4FAB /* MatchDetails+ParticipantIdentity.swift in Sources */,
				562C9A3024D71A1B0061EB38 /* MatchHistoryPage.swift in Sources */,
				56328D0324D9F0CE00319CD9 /* StartScreen.swift in Sources */,
				56328D0F24DC290000319CD9 /* Queue.swift in Sources */,
				56BC228324C23F2C0072D5E8 /* SummonerFoundOverlay.swift in Sources */,
				56328D0824DAAB8A00319CD9 /* Int+Extensions.swift in Sources */,
				56C96DB924D94A0200685F76 /* ChampionDetails.swift in Sources */,
				56ED282E24D9572A00016178 /* ChampionDetails+Data+Recommended+Block+Item.swift in Sources */,
				567528F324AA2FCC009057C8 /* Region.swift in Sources */,
				5657F31A24D1D2CF00A7F437 /* SupportEmailView.swift in Sources */,
				56ED283724D9601A00016178 /* Item+Maps.swift in Sources */,
				56C96DC524D950AA00685F76 /* ChampionDetails+Data+Info.swift in Sources */,
				56D3188324D85560002F4FAB /* MatchHistoryModel.swift in Sources */,
				56477EE024CAFAA800495535 /* OnboardingPage.swift in Sources */,
				56477EE224CB24ED00495535 /* PageView.swift in Sources */,
				567528C324AA29B8009057C8 /* AppDelegate.swift in Sources */,
				56BC228024C1E2090072D5E8 /* GlowingView.swift in Sources */,
				56C96DD224D9538E00685F76 /* ChampionDetails+Data+Spell+Var.swift in Sources */,
				562C9A3624D71A820061EB38 /* KnowledgeBasePage.swift in Sources */,
				567528F724AA30C0009057C8 /* LeagueEntry.swift in Sources */,
				56FCBD2D24DC487D00D4FABB /* RunePath+Slot.swift in Sources */,
				56D3188B24D85803002F4FAB /* MatchDetails.swift in Sources */,
				567528FE24AA43FF009057C8 /* MoyaProvider+Combine.swift in Sources */,
				56ED283324D95FF400016178 /* Item+Image.swift in Sources */,
				56D3188124D7226E002F4FAB /* MatchDetailsPage.swift in Sources */,
				56D3189224D859DD002F4FAB /* MatchDetails+Participant.swift in Sources */,
				56C96DC724D950BD00685F76 /* ChampionDetails+Data+Stats.swift in Sources */,
				56348A5524DC2DC200E00F7F /* Map.swift in Sources */,
				56ED283124D95FCC00016178 /* Item.swift in Sources */,
				56C96DC124D9506D00685F76 /* ChampionDetails+Data+Image.swift in Sources */,
				56D3189424D85A0D002F4FAB /* MatchDetails+Participant+Stats.swift in Sources */,
				562C9A3824D71A9A0061EB38 /* LiveAssistantPage.swift in Sources */,
				56ED283B24D961A400016178 /* GameData.swift in Sources */,
				562C9A2924D478600061EB38 /* FlatSegmentedPicker.swift in Sources */,
				56C96DAF24D946C400685F76 /* Champion.swift in Sources */,
				56F353C624AF7A2800E21EB4 /* MiddleAlignedView.swift in Sources */,
				562C9A2E24D719A20061EB38 /* MainWindow.swift in Sources */,
				56D3187F24D721BA002F4FAB /* MatchHistoryItem.swift in Sources */,
				5631470124AE0FD5000CC418 /* Settings.swift in Sources */,
				562C9A3424D71A500061EB38 /* StatisticsPage.swift in Sources */,
				56D318AF24D8632E002F4FAB /* MatchDetails+ParticipantIdentity+Player.swift in Sources */,
				567528C524AA29B8009057C8 /* SceneDelegate.swift in Sources */,
				56ED283F24D9655200016178 /* ChampionsJSON.swift in Sources */,
				567528CD24AA29B8009057C8 /* Legend_Within.xcdatamodeld in Sources */,
				56ED283924D9602900016178 /* Item+Stat.swift in Sources */,
				56C96DB324D9470600685F76 /* Champion+Image.swift in Sources */,
				56477ED824CADC6F00495535 /* OnboardingModel.swift in Sources */,
				56C96DBF24D94AE600685F76 /* ChampionDetails+Data.swift in Sources */,
				5648A74324AF3CCF0074B550 /* FloatIn.swift in Sources */,
				56ED283524D9600000016178 /* Item+Gold.swift in Sources */,
				56F353BD24AF43EF00E21EB4 /* LeagueApi+Summoners.swift in Sources */,
				56F353BF24AF440300E21EB4 /* LeagueApi+LeagueEntries.swift in Sources */,
			);
			runOnlyForDeploymentPostprocessing = 0;
		};
		567528D424AA29BB009057C8 /* Sources */ = {
			isa = PBXSourcesBuildPhase;
			buildActionMask = 2147483647;
			files = (
				567528DD24AA29BB009057C8 /* Legend_WithinTests.swift in Sources */,
			);
			runOnlyForDeploymentPostprocessing = 0;
		};
/* End PBXSourcesBuildPhase section */

/* Begin PBXTargetDependency section */
		567528DA24AA29BB009057C8 /* PBXTargetDependency */ = {
			isa = PBXTargetDependency;
			target = 567528BE24AA29B8009057C8 /* Legend Within */;
			targetProxy = 567528D924AA29BB009057C8 /* PBXContainerItemProxy */;
		};
/* End PBXTargetDependency section */

/* Begin PBXVariantGroup section */
		567528D024AA29BB009057C8 /* LaunchScreen.storyboard */ = {
			isa = PBXVariantGroup;
			children = (
				567528D124AA29BB009057C8 /* Base */,
			);
			name = LaunchScreen.storyboard;
			sourceTree = "<group>";
		};
/* End PBXVariantGroup section */

/* Begin XCBuildConfiguration section */
		567528DF24AA29BB009057C8 /* Debug */ = {
			isa = XCBuildConfiguration;
			buildSettings = {
				ALWAYS_SEARCH_USER_PATHS = NO;
				CLANG_ANALYZER_NONNULL = YES;
				CLANG_ANALYZER_NUMBER_OBJECT_CONVERSION = YES_AGGRESSIVE;
				CLANG_CXX_LANGUAGE_STANDARD = "gnu++14";
				CLANG_CXX_LIBRARY = "libc++";
				CLANG_ENABLE_MODULES = YES;
				CLANG_ENABLE_OBJC_ARC = YES;
				CLANG_ENABLE_OBJC_WEAK = YES;
				CLANG_WARN_BLOCK_CAPTURE_AUTORELEASING = YES;
				CLANG_WARN_BOOL_CONVERSION = YES;
				CLANG_WARN_COMMA = YES;
				CLANG_WARN_CONSTANT_CONVERSION = YES;
				CLANG_WARN_DEPRECATED_OBJC_IMPLEMENTATIONS = YES;
				CLANG_WARN_DIRECT_OBJC_ISA_USAGE = YES_ERROR;
				CLANG_WARN_DOCUMENTATION_COMMENTS = YES;
				CLANG_WARN_EMPTY_BODY = YES;
				CLANG_WARN_ENUM_CONVERSION = YES;
				CLANG_WARN_INFINITE_RECURSION = YES;
				CLANG_WARN_INT_CONVERSION = YES;
				CLANG_WARN_NON_LITERAL_NULL_CONVERSION = YES;
				CLANG_WARN_OBJC_IMPLICIT_RETAIN_SELF = YES;
				CLANG_WARN_OBJC_LITERAL_CONVERSION = YES;
				CLANG_WARN_OBJC_ROOT_CLASS = YES_ERROR;
				CLANG_WARN_RANGE_LOOP_ANALYSIS = YES;
				CLANG_WARN_STRICT_PROTOTYPES = YES;
				CLANG_WARN_SUSPICIOUS_MOVE = YES;
				CLANG_WARN_UNGUARDED_AVAILABILITY = YES_AGGRESSIVE;
				CLANG_WARN_UNREACHABLE_CODE = YES;
				CLANG_WARN__DUPLICATE_METHOD_MATCH = YES;
				COPY_PHASE_STRIP = NO;
				DEBUG_INFORMATION_FORMAT = dwarf;
				ENABLE_STRICT_OBJC_MSGSEND = YES;
				ENABLE_TESTABILITY = YES;
				GCC_C_LANGUAGE_STANDARD = gnu11;
				GCC_DYNAMIC_NO_PIC = NO;
				GCC_NO_COMMON_BLOCKS = YES;
				GCC_OPTIMIZATION_LEVEL = 0;
				GCC_PREPROCESSOR_DEFINITIONS = (
					"DEBUG=1",
					"$(inherited)",
				);
				GCC_WARN_64_TO_32_BIT_CONVERSION = YES;
				GCC_WARN_ABOUT_RETURN_TYPE = YES_ERROR;
				GCC_WARN_UNDECLARED_SELECTOR = YES;
				GCC_WARN_UNINITIALIZED_AUTOS = YES_AGGRESSIVE;
				GCC_WARN_UNUSED_FUNCTION = YES;
				GCC_WARN_UNUSED_VARIABLE = YES;
				IPHONEOS_DEPLOYMENT_TARGET = 13.5;
				MTL_ENABLE_DEBUG_INFO = INCLUDE_SOURCE;
				MTL_FAST_MATH = YES;
				ONLY_ACTIVE_ARCH = YES;
				SDKROOT = iphoneos;
				SWIFT_ACTIVE_COMPILATION_CONDITIONS = DEBUG;
				SWIFT_OPTIMIZATION_LEVEL = "-Onone";
			};
			name = Debug;
		};
		567528E024AA29BB009057C8 /* Release */ = {
			isa = XCBuildConfiguration;
			buildSettings = {
				ALWAYS_SEARCH_USER_PATHS = NO;
				CLANG_ANALYZER_NONNULL = YES;
				CLANG_ANALYZER_NUMBER_OBJECT_CONVERSION = YES_AGGRESSIVE;
				CLANG_CXX_LANGUAGE_STANDARD = "gnu++14";
				CLANG_CXX_LIBRARY = "libc++";
				CLANG_ENABLE_MODULES = YES;
				CLANG_ENABLE_OBJC_ARC = YES;
				CLANG_ENABLE_OBJC_WEAK = YES;
				CLANG_WARN_BLOCK_CAPTURE_AUTORELEASING = YES;
				CLANG_WARN_BOOL_CONVERSION = YES;
				CLANG_WARN_COMMA = YES;
				CLANG_WARN_CONSTANT_CONVERSION = YES;
				CLANG_WARN_DEPRECATED_OBJC_IMPLEMENTATIONS = YES;
				CLANG_WARN_DIRECT_OBJC_ISA_USAGE = YES_ERROR;
				CLANG_WARN_DOCUMENTATION_COMMENTS = YES;
				CLANG_WARN_EMPTY_BODY = YES;
				CLANG_WARN_ENUM_CONVERSION = YES;
				CLANG_WARN_INFINITE_RECURSION = YES;
				CLANG_WARN_INT_CONVERSION = YES;
				CLANG_WARN_NON_LITERAL_NULL_CONVERSION = YES;
				CLANG_WARN_OBJC_IMPLICIT_RETAIN_SELF = YES;
				CLANG_WARN_OBJC_LITERAL_CONVERSION = YES;
				CLANG_WARN_OBJC_ROOT_CLASS = YES_ERROR;
				CLANG_WARN_RANGE_LOOP_ANALYSIS = YES;
				CLANG_WARN_STRICT_PROTOTYPES = YES;
				CLANG_WARN_SUSPICIOUS_MOVE = YES;
				CLANG_WARN_UNGUARDED_AVAILABILITY = YES_AGGRESSIVE;
				CLANG_WARN_UNREACHABLE_CODE = YES;
				CLANG_WARN__DUPLICATE_METHOD_MATCH = YES;
				COPY_PHASE_STRIP = NO;
				DEBUG_INFORMATION_FORMAT = "dwarf-with-dsym";
				ENABLE_NS_ASSERTIONS = NO;
				ENABLE_STRICT_OBJC_MSGSEND = YES;
				GCC_C_LANGUAGE_STANDARD = gnu11;
				GCC_NO_COMMON_BLOCKS = YES;
				GCC_WARN_64_TO_32_BIT_CONVERSION = YES;
				GCC_WARN_ABOUT_RETURN_TYPE = YES_ERROR;
				GCC_WARN_UNDECLARED_SELECTOR = YES;
				GCC_WARN_UNINITIALIZED_AUTOS = YES_AGGRESSIVE;
				GCC_WARN_UNUSED_FUNCTION = YES;
				GCC_WARN_UNUSED_VARIABLE = YES;
				IPHONEOS_DEPLOYMENT_TARGET = 13.5;
				MTL_ENABLE_DEBUG_INFO = NO;
				MTL_FAST_MATH = YES;
				SDKROOT = iphoneos;
				SWIFT_COMPILATION_MODE = wholemodule;
				SWIFT_OPTIMIZATION_LEVEL = "-O";
				VALIDATE_PRODUCT = YES;
			};
			name = Release;
		};
		567528E224AA29BB009057C8 /* Debug */ = {
			isa = XCBuildConfiguration;
			buildSettings = {
				ASSETCATALOG_COMPILER_APPICON_NAME = AppIcon;
				CODE_SIGN_STYLE = Automatic;
				DEVELOPMENT_TEAM = B9J6J6XB6U;
				INFOPLIST_FILE = "Legend Within/Info.plist";
				LD_RUNPATH_SEARCH_PATHS = (
					"$(inherited)",
					"@executable_path/Frameworks",
				);
				PRODUCT_BUNDLE_IDENTIFIER = "com.EBUniApps.Legend-Within";
				PRODUCT_NAME = "$(TARGET_NAME)";
				SWIFT_VERSION = 5.0;
				TARGETED_DEVICE_FAMILY = "1,2";
			};
			name = Debug;
		};
		567528E324AA29BB009057C8 /* Release */ = {
			isa = XCBuildConfiguration;
			buildSettings = {
				ASSETCATALOG_COMPILER_APPICON_NAME = AppIcon;
				CODE_SIGN_STYLE = Automatic;
				DEVELOPMENT_TEAM = B9J6J6XB6U;
				INFOPLIST_FILE = "Legend Within/Info.plist";
				LD_RUNPATH_SEARCH_PATHS = (
					"$(inherited)",
					"@executable_path/Frameworks",
				);
				PRODUCT_BUNDLE_IDENTIFIER = "com.EBUniApps.Legend-Within";
				PRODUCT_NAME = "$(TARGET_NAME)";
				SWIFT_VERSION = 5.0;
				TARGETED_DEVICE_FAMILY = "1,2";
			};
			name = Release;
		};
		567528E524AA29BB009057C8 /* Debug */ = {
			isa = XCBuildConfiguration;
			buildSettings = {
				ALWAYS_EMBED_SWIFT_STANDARD_LIBRARIES = YES;
				BUNDLE_LOADER = "$(TEST_HOST)";
				CODE_SIGN_STYLE = Automatic;
				DEVELOPMENT_TEAM = B9J6J6XB6U;
				INFOPLIST_FILE = "Legend WithinTests/Info.plist";
				IPHONEOS_DEPLOYMENT_TARGET = 13.5;
				LD_RUNPATH_SEARCH_PATHS = (
					"$(inherited)",
					"@executable_path/Frameworks",
					"@loader_path/Frameworks",
				);
				PRODUCT_BUNDLE_IDENTIFIER = "com.EBUniApps.Legend-WithinTests";
				PRODUCT_NAME = "$(TARGET_NAME)";
				SWIFT_VERSION = 5.0;
				TARGETED_DEVICE_FAMILY = "1,2";
				TEST_HOST = "$(BUILT_PRODUCTS_DIR)/Legend Within.app/Legend Within";
			};
			name = Debug;
		};
		567528E624AA29BB009057C8 /* Release */ = {
			isa = XCBuildConfiguration;
			buildSettings = {
				ALWAYS_EMBED_SWIFT_STANDARD_LIBRARIES = YES;
				BUNDLE_LOADER = "$(TEST_HOST)";
				CODE_SIGN_STYLE = Automatic;
				DEVELOPMENT_TEAM = B9J6J6XB6U;
				INFOPLIST_FILE = "Legend WithinTests/Info.plist";
				IPHONEOS_DEPLOYMENT_TARGET = 13.5;
				LD_RUNPATH_SEARCH_PATHS = (
					"$(inherited)",
					"@executable_path/Frameworks",
					"@loader_path/Frameworks",
				);
				PRODUCT_BUNDLE_IDENTIFIER = "com.EBUniApps.Legend-WithinTests";
				PRODUCT_NAME = "$(TARGET_NAME)";
				SWIFT_VERSION = 5.0;
				TARGETED_DEVICE_FAMILY = "1,2";
				TEST_HOST = "$(BUILT_PRODUCTS_DIR)/Legend Within.app/Legend Within";
			};
			name = Release;
		};
/* End XCBuildConfiguration section */

/* Begin XCConfigurationList section */
		567528BA24AA29B8009057C8 /* Build configuration list for PBXProject "Legend Within" */ = {
			isa = XCConfigurationList;
			buildConfigurations = (
				567528DF24AA29BB009057C8 /* Debug */,
				567528E024AA29BB009057C8 /* Release */,
			);
			defaultConfigurationIsVisible = 0;
			defaultConfigurationName = Release;
		};
		567528E124AA29BB009057C8 /* Build configuration list for PBXNativeTarget "Legend Within" */ = {
			isa = XCConfigurationList;
			buildConfigurations = (
				567528E224AA29BB009057C8 /* Debug */,
				567528E324AA29BB009057C8 /* Release */,
			);
			defaultConfigurationIsVisible = 0;
			defaultConfigurationName = Release;
		};
		567528E424AA29BB009057C8 /* Build configuration list for PBXNativeTarget "Legend WithinTests" */ = {
			isa = XCConfigurationList;
			buildConfigurations = (
				567528E524AA29BB009057C8 /* Debug */,
				567528E624AA29BB009057C8 /* Release */,
			);
			defaultConfigurationIsVisible = 0;
			defaultConfigurationName = Release;
		};
/* End XCConfigurationList section */

/* Begin XCRemoteSwiftPackageReference section */
		567528E824AA2C12009057C8 /* XCRemoteSwiftPackageReference "Moya" */ = {
			isa = XCRemoteSwiftPackageReference;
			repositoryURL = "https://github.com/Moya/Moya.git";
			requirement = {
				kind = upToNextMajorVersion;
				minimumVersion = 14.0.0;
			};
		};
		5675295A24AB954A009057C8 /* XCRemoteSwiftPackageReference "Kingfisher" */ = {
			isa = XCRemoteSwiftPackageReference;
			repositoryURL = "https://github.com/onevcat/Kingfisher.git";
			requirement = {
				kind = upToNextMajorVersion;
				minimumVersion = 5.14.0;
			};
		};
/* End XCRemoteSwiftPackageReference section */

/* Begin XCSwiftPackageProductDependency section */
		567528E924AA2C12009057C8 /* Moya */ = {
			isa = XCSwiftPackageProductDependency;
			package = 567528E824AA2C12009057C8 /* XCRemoteSwiftPackageReference "Moya" */;
			productName = Moya;
		};
		5675295B24AB954A009057C8 /* KingfisherSwiftUI */ = {
			isa = XCSwiftPackageProductDependency;
			package = 5675295A24AB954A009057C8 /* XCRemoteSwiftPackageReference "Kingfisher" */;
			productName = KingfisherSwiftUI;
		};
/* End XCSwiftPackageProductDependency section */

/* Begin XCVersionGroup section */
		567528CB24AA29B8009057C8 /* Legend_Within.xcdatamodeld */ = {
			isa = XCVersionGroup;
			children = (
				567528CC24AA29B8009057C8 /* Legend_Within.xcdatamodel */,
			);
			currentVersion = 567528CC24AA29B8009057C8 /* Legend_Within.xcdatamodel */;
			path = Legend_Within.xcdatamodeld;
			sourceTree = "<group>";
			versionGroupType = wrapper.xcdatamodel;
		};
/* End XCVersionGroup section */
	};
	rootObject = 567528B724AA29B8009057C8 /* Project object */;
}
